
Microsoft Visual Studio Solution File, Format Version 12.00
# Visual Studio 2012
Project("{FAE04EC0-301F-11D3-BF4B-00C04F79EFBC}") = "Our.Umbraco.Ditto.Resolvers", "Our.Umbraco.Ditto.Resolvers\Our.Umbraco.Ditto.Resolvers.csproj", "{A2DD3A98-C800-4AEF-9176-B6FC58003B33}"
EndProject
Project("{2150E333-8FDC-42A3-9474-1A3956D46DE8}") = "Build", "Build", "{02BF6D06-1405-413E-8335-F1DF5C890E37}"
	ProjectSection(SolutionItems) = preProject
		.gitignore = .gitignore
		appveyor.yml = appveyor.yml
		build-appveyor.cmd = build-appveyor.cmd
		Ditto.Resolvers.Archetype.proj = Ditto.Resolvers.Archetype.proj
		package.nuspec = package.nuspec
		package.proj = package.proj
		README.md = README.md
	EndProjectSection
EndProject
Project("{2150E333-8FDC-42A3-9474-1A3956D46DE8}") = "Sample", "Sample", "{0445B3C6-7F80-44F0-B878-6760F99674B0}"
EndProject
Project("{FAE04EC0-301F-11D3-BF4B-00C04F79EFBC}") = "Ditto.Resolvers.Sample", "Ditto.Resolvers.Sample\Ditto.Resolvers.Sample.csproj", "{B62C802F-09DE-4A10-98A9-23A5DD70A75B}"
EndProject
Project("{FAE04EC0-301F-11D3-BF4B-00C04F79EFBC}") = "Our.Umbraco.Ditto.Resolvers.Archetype", "Our.Umbraco.Ditto.Resolvers.Archetype\Our.Umbraco.Ditto.Resolvers.Archetype.csproj", "{3B3839A7-8388-436A-92BC-E8A0B3488D7E}"
EndProject
Project("{FAE04EC0-301F-11D3-BF4B-00C04F79EFBC}") = "Our.Umbraco.Ditto.Resolvers.Grid", "Our.Umbraco.Ditto.Resolvers.Grid\Our.Umbraco.Ditto.Resolvers.Grid.csproj", "{A70ABE09-DF5C-4912-BE79-E1715FF5F53A}"
	ProjectSection(ProjectDependencies) = postProject
		{A2DD3A98-C800-4AEF-9176-B6FC58003B33} = {A2DD3A98-C800-4AEF-9176-B6FC58003B33}
	EndProjectSection
EndProject
Global
	GlobalSection(SolutionConfigurationPlatforms) = preSolution
		Debug|Any CPU = Debug|Any CPU
		Release|Any CPU = Release|Any CPU
	EndGlobalSection
	GlobalSection(ProjectConfigurationPlatforms) = postSolution
		{A2DD3A98-C800-4AEF-9176-B6FC58003B33}.Debug|Any CPU.ActiveCfg = Debug|Any CPU
		{A2DD3A98-C800-4AEF-9176-B6FC58003B33}.Debug|Any CPU.Build.0 = Debug|Any CPU
		{A2DD3A98-C800-4AEF-9176-B6FC58003B33}.Release|Any CPU.ActiveCfg = Release|Any CPU
		{A2DD3A98-C800-4AEF-9176-B6FC58003B33}.Release|Any CPU.Build.0 = Release|Any CPU
		{B62C802F-09DE-4A10-98A9-23A5DD70A75B}.Debug|Any CPU.ActiveCfg = Debug|Any CPU
		{B62C802F-09DE-4A10-98A9-23A5DD70A75B}.Debug|Any CPU.Build.0 = Debug|Any CPU
		{B62C802F-09DE-4A10-98A9-23A5DD70A75B}.Release|Any CPU.ActiveCfg = Release|Any CPU
		{B62C802F-09DE-4A10-98A9-23A5DD70A75B}.Release|Any CPU.Build.0 = Release|Any CPU
		{3B3839A7-8388-436A-92BC-E8A0B3488D7E}.Debug|Any CPU.ActiveCfg = Debug|Any CPU
		{3B3839A7-8388-436A-92BC-E8A0B3488D7E}.Debug|Any CPU.Build.0 = Debug|Any CPU
		{3B3839A7-8388-436A-92BC-E8A0B3488D7E}.Release|Any CPU.ActiveCfg = Release|Any CPU
		{3B3839A7-8388-436A-92BC-E8A0B3488D7E}.Release|Any CPU.Build.0 = Release|Any CPU
		{A70ABE09-DF5C-4912-BE79-E1715FF5F53A}.Debug|Any CPU.ActiveCfg = Debug|Any CPU
		{A70ABE09-DF5C-4912-BE79-E1715FF5F53A}.Debug|Any CPU.Build.0 = Debug|Any CPU
		{A70ABE09-DF5C-4912-BE79-E1715FF5F53A}.Release|Any CPU.ActiveCfg = Release|Any CPU
		{A70ABE09-DF5C-4912-BE79-E1715FF5F53A}.Release|Any CPU.Build.0 = Release|Any CPU
	EndGlobalSection
	GlobalSection(SolutionProperties) = preSolution
		HideSolutionNode = FALSE
	EndGlobalSection
	GlobalSection(NestedProjects) = preSolution
		{B62C802F-09DE-4A10-98A9-23A5DD70A75B} = {0445B3C6-7F80-44F0-B878-6760F99674B0}
	EndGlobalSection
EndGlobal
