
Microsoft Visual Studio Solution File, Format Version 12.00
# Visual Studio 2012
Project("{FAE04EC0-301F-11D3-BF4B-00C04F79EFBC}") = "Our.Umbraco.Ditto.Resolvers", "Our.Umbraco.Ditto.Resolvers\Our.Umbraco.Ditto.Resolvers.csproj", "{A2DD3A98-C800-4AEF-9176-B6FC58003B33}"
EndProject
Project("{2150E333-8FDC-42A3-9474-1A3956D46DE8}") = "Git", "Git", "{02BF6D06-1405-413E-8335-F1DF5C890E37}"
	ProjectSection(SolutionItems) = preProject
		.gitignore = .gitignore
		README.md = README.md
	EndProjectSection
EndProject
Global
	GlobalSection(SolutionConfigurationPlatforms) = preSolution
		Debug|Any CPU = Debug|Any CPU
		Release|Any CPU = Release|Any CPU
	EndGlobalSection
	GlobalSection(ProjectConfigurationPlatforms) = postSolution
		{A2DD3A98-C800-4AEF-9176-B6FC58003B33}.Debug|Any CPU.ActiveCfg = Debug|Any CPU
		{A2DD3A98-C800-4AEF-9176-B6FC58003B33}.Debug|Any CPU.Build.0 = Debug|Any CPU
		{A2DD3A98-C800-4AEF-9176-B6FC58003B33}.Release|Any CPU.ActiveCfg = Release|Any CPU
		{A2DD3A98-C800-4AEF-9176-B6FC58003B33}.Release|Any CPU.Build.0 = Release|Any CPU
	EndGlobalSection
	GlobalSection(SolutionProperties) = preSolution
		HideSolutionNode = FALSE
	EndGlobalSection
EndGlobal
